
Microsoft Visual Studio Solution File, Format Version 12.00
# Visual Studio 14
VisualStudioVersion = 14.0.25420.1
MinimumVisualStudioVersion = 10.0.40219.1
Project("{FAE04EC0-301F-11D3-BF4B-00C04F79EFBC}") = "01. Leap year", "01. Leap year\01. Leap year.csproj", "{BD9FC900-41BF-4D66-A4D8-DDCF828DC16C}"
EndProject
Project("{FAE04EC0-301F-11D3-BF4B-00C04F79EFBC}") = "04. Triangle surface by side and altitude", "04. Triangle surface by side and altitude\04. Triangle surface by side and altitude.csproj", "{B9A005B3-0C2E-4177-8508-C0227576F80A}"
EndProject
Global
	GlobalSection(SolutionConfigurationPlatforms) = preSolution
		Debug|Any CPU = Debug|Any CPU
		Release|Any CPU = Release|Any CPU
	EndGlobalSection
	GlobalSection(ProjectConfigurationPlatforms) = postSolution
		{BD9FC900-41BF-4D66-A4D8-DDCF828DC16C}.Debug|Any CPU.ActiveCfg = Debug|Any CPU
		{BD9FC900-41BF-4D66-A4D8-DDCF828DC16C}.Debug|Any CPU.Build.0 = Debug|Any CPU
		{BD9FC900-41BF-4D66-A4D8-DDCF828DC16C}.Release|Any CPU.ActiveCfg = Release|Any CPU
		{BD9FC900-41BF-4D66-A4D8-DDCF828DC16C}.Release|Any CPU.Build.0 = Release|Any CPU
		{B9A005B3-0C2E-4177-8508-C0227576F80A}.Debug|Any CPU.ActiveCfg = Debug|Any CPU
		{B9A005B3-0C2E-4177-8508-C0227576F80A}.Debug|Any CPU.Build.0 = Debug|Any CPU
		{B9A005B3-0C2E-4177-8508-C0227576F80A}.Release|Any CPU.ActiveCfg = Release|Any CPU
		{B9A005B3-0C2E-4177-8508-C0227576F80A}.Release|Any CPU.Build.0 = Release|Any CPU
	EndGlobalSection
	GlobalSection(SolutionProperties) = preSolution
		HideSolutionNode = FALSE
	EndGlobalSection
EndGlobal
